// !$*UTF8*$!
{
	archiveVersion = 1;
	classes = {
	};
	objectVersion = 50;
	objects = {

/* Begin PBXBuildFile section */
		12755748237E3B57005224EA /* AppDelegate.swift in Sources */ = {isa = PBXBuildFile; fileRef = 12755747237E3B57005224EA /* AppDelegate.swift */; };
		1275574A237E3B57005224EA /* SceneDelegate.swift in Sources */ = {isa = PBXBuildFile; fileRef = 12755749237E3B57005224EA /* SceneDelegate.swift */; };
		1275574C237E3B57005224EA /* ViewController.swift in Sources */ = {isa = PBXBuildFile; fileRef = 1275574B237E3B57005224EA /* ViewController.swift */; };
		1275574F237E3B57005224EA /* Main.storyboard in Resources */ = {isa = PBXBuildFile; fileRef = 1275574D237E3B57005224EA /* Main.storyboard */; };
		12755751237E3B5A005224EA /* Assets.xcassets in Resources */ = {isa = PBXBuildFile; fileRef = 12755750237E3B5A005224EA /* Assets.xcassets */; };
		12755754237E3B5A005224EA /* LaunchScreen.storyboard in Resources */ = {isa = PBXBuildFile; fileRef = 12755752237E3B5A005224EA /* LaunchScreen.storyboard */; };
/* End PBXBuildFile section */

/* Begin PBXFileReference section */
		12755744237E3B57005224EA /* PassDataBackNoSB.app */ = {isa = PBXFileReference; explicitFileType = wrapper.application; includeInIndex = 0; path = PassDataBackNoSB.app; sourceTree = BUILT_PRODUCTS_DIR; };
		12755747237E3B57005224EA /* AppDelegate.swift */ = {isa = PBXFileReference; lastKnownFileType = sourcecode.swift; path = AppDelegate.swift; sourceTree = "<group>"; };
		12755749237E3B57005224EA /* SceneDelegate.swift */ = {isa = PBXFileReference; lastKnownFileType = sourcecode.swift; path = SceneDelegate.swift; sourceTree = "<group>"; };
		1275574B237E3B57005224EA /* ViewController.swift */ = {isa = PBXFileReference; lastKnownFileType = sourcecode.swift; path = ViewController.swift; sourceTree = "<group>"; };
		1275574E237E3B57005224EA /* Base */ = {isa = PBXFileReference; lastKnownFileType = file.storyboard; name = Base; path = Base.lproj/Main.storyboard; sourceTree = "<group>"; };
		12755750237E3B5A005224EA /* Assets.xcassets */ = {isa = PBXFileReference; lastKnownFileType = folder.assetcatalog; path = Assets.xcassets; sourceTree = "<group>"; };
		12755753237E3B5A005224EA /* Base */ = {isa = PBXFileReference; lastKnownFileType = file.storyboard; name = Base; path = Base.lproj/LaunchScreen.storyboard; sourceTree = "<group>"; };
		12755755237E3B5A005224EA /* Info.plist */ = {isa = PBXFileReference; lastKnownFileType = text.plist.xml; path = Info.plist; sourceTree = "<group>"; };
/* End PBXFileReference section */

/* Begin PBXFrameworksBuildPhase section */
		12755741237E3B57005224EA /* Frameworks */ = {
			isa = PBXFrameworksBuildPhase;
			buildActionMask = 2147483647;
			files = (
			);
			runOnlyForDeploymentPostprocessing = 0;
		};
/* End PBXFrameworksBuildPhase section */

/* Begin PBXGroup section */
		1275573B237E3B57005224EA = {
			isa = PBXGroup;
			children = (
				12755746237E3B57005224EA /* PassDataBackNoSB */,
				12755745237E3B57005224EA /* Products */,
			);
			sourceTree = "<group>";
		};
		12755745237E3B57005224EA /* Products */ = {
			isa = PBXGroup;
			children = (
				12755744237E3B57005224EA /* PassDataBackNoSB.app */,
			);
			name = Products;
			sourceTree = "<group>";
		};
		12755746237E3B57005224EA /* PassDataBackNoSB */ = {
			isa = PBXGroup;
			children = (
				12755747237E3B57005224EA /* AppDelegate.swift */,
				12755749237E3B57005224EA /* SceneDelegate.swift */,
				1275574B237E3B57005224EA /* ViewController.swift */,
				1275574D237E3B57005224EA /* Main.storyboard */,
				12755750237E3B5A005224EA /* Assets.xcassets */,
				12755752237E3B5A005224EA /* LaunchScreen.storyboard */,
				12755755237E3B5A005224EA /* Info.plist */,
			);
			path = PassDataBackNoSB;
			sourceTree = "<group>";
		};
/* End PBXGroup section */

/* Begin PBXNativeTarget section */
		12755743237E3B57005224EA /* PassDataBackNoSB */ = {
			isa = PBXNativeTarget;
			buildConfigurationList = 12755758237E3B5A005224EA /* Build configuration list for PBXNativeTarget "PassDataBackNoSB" */;
			buildPhases = (
				12755740237E3B57005224EA /* Sources */,
				12755741237E3B57005224EA /* Frameworks */,
				12755742237E3B57005224EA /* Resources */,
			);
			buildRules = (
			);
			dependencies = (
			);
			name = PassDataBackNoSB;
			productName = PassDataBackNoSB;
			productReference = 12755744237E3B57005224EA /* PassDataBackNoSB.app */;
			productType = "com.apple.product-type.application";
		};
/* End PBXNativeTarget section */

/* Begin PBXProject section */
		1275573C237E3B57005224EA /* Project object */ = {
			isa = PBXProject;
			attributes = {
				LastSwiftUpdateCheck = 1120;
				LastUpgradeCheck = 1120;
				ORGANIZATIONNAME = "Josh R";
				TargetAttributes = {
					12755743237E3B57005224EA = {
						CreatedOnToolsVersion = 11.2;
					};
				};
			};
			buildConfigurationList = 1275573F237E3B57005224EA /* Build configuration list for PBXProject "PassDataBackNoSB" */;
			compatibilityVersion = "Xcode 9.3";
			developmentRegion = en;
			hasScannedForEncodings = 0;
			knownRegions = (
				en,
				Base,
			);
			mainGroup = 1275573B237E3B57005224EA;
			productRefGroup = 12755745237E3B57005224EA /* Products */;
			projectDirPath = "";
			projectRoot = "";
			targets = (
				12755743237E3B57005224EA /* PassDataBackNoSB */,
			);
		};
/* End PBXProject section */

/* Begin PBXResourcesBuildPhase section */
		12755742237E3B57005224EA /* Resources */ = {
			isa = PBXResourcesBuildPhase;
			buildActionMask = 2147483647;
			files = (
				12755754237E3B5A005224EA /* LaunchScreen.storyboard in Resources */,
				12755751237E3B5A005224EA /* Assets.xcassets in Resources */,
				1275574F237E3B57005224EA /* Main.storyboard in Resources */,
			);
			runOnlyForDeploymentPostprocessing = 0;
		};
/* End PBXResourcesBuildPhase section */

/* Begin PBXSourcesBuildPhase section */
		12755740237E3B57005224EA /* Sources */ = {
			isa = PBXSourcesBuildPhase;
			buildActionMask = 2147483647;
			files = (
				1275574C237E3B57005224EA /* ViewController.swift in Sources */,
				12755748237E3B57005224EA /* AppDelegate.swift in Sources */,
				1275574A237E3B57005224EA /* SceneDelegate.swift in Sources */,
			);
			runOnlyForDeploymentPostprocessing = 0;
		};
/* End PBXSourcesBuildPhase section */

/* Begin PBXVariantGroup section */
		1275574D237E3B57005224EA /* Main.storyboard */ = {
			isa = PBXVariantGroup;
			children = (
				1275574E237E3B57005224EA /* Base */,
			);
			name = Main.storyboard;
			sourceTree = "<group>";
		};
		12755752237E3B5A005224EA /* LaunchScreen.storyboard */ = {
			isa = PBXVariantGroup;
			children = (
				12755753237E3B5A005224EA /* Base */,
			);
			name = LaunchScreen.storyboard;
			sourceTree = "<group>";
		};
/* End PBXVariantGroup section */

/* Begin XCBuildConfiguration section */
		12755756237E3B5A005224EA /* Debug */ = {
			isa = XCBuildConfiguration;
			buildSettings = {
				ALWAYS_SEARCH_USER_PATHS = NO;
				CLANG_ANALYZER_NONNULL = YES;
				CLANG_ANALYZER_NUMBER_OBJECT_CONVERSION = YES_AGGRESSIVE;
				CLANG_CXX_LANGUAGE_STANDARD = "gnu++14";
				CLANG_CXX_LIBRARY = "libc++";
				CLANG_ENABLE_MODULES = YES;
				CLANG_ENABLE_OBJC_ARC = YES;
				CLANG_ENABLE_OBJC_WEAK = YES;
				CLANG_WARN_BLOCK_CAPTURE_AUTORELEASING = YES;
				CLANG_WARN_BOOL_CONVERSION = YES;
				CLANG_WARN_COMMA = YES;
				CLANG_WARN_CONSTANT_CONVERSION = YES;
				CLANG_WARN_DEPRECATED_OBJC_IMPLEMENTATIONS = YES;
				CLANG_WARN_DIRECT_OBJC_ISA_USAGE = YES_ERROR;
				CLANG_WARN_DOCUMENTATION_COMMENTS = YES;
				CLANG_WARN_EMPTY_BODY = YES;
				CLANG_WARN_ENUM_CONVERSION = YES;
				CLANG_WARN_INFINITE_RECURSION = YES;
				CLANG_WARN_INT_CONVERSION = YES;
				CLANG_WARN_NON_LITERAL_NULL_CONVERSION = YES;
				CLANG_WARN_OBJC_IMPLICIT_RETAIN_SELF = YES;
				CLANG_WARN_OBJC_LITERAL_CONVERSION = YES;
				CLANG_WARN_OBJC_ROOT_CLASS = YES_ERROR;
				CLANG_WARN_RANGE_LOOP_ANALYSIS = YES;
				CLANG_WARN_STRICT_PROTOTYPES = YES;
				CLANG_WARN_SUSPICIOUS_MOVE = YES;
				CLANG_WARN_UNGUARDED_AVAILABILITY = YES_AGGRESSIVE;
				CLANG_WARN_UNREACHABLE_CODE = YES;
				CLANG_WARN__DUPLICATE_METHOD_MATCH = YES;
				COPY_PHASE_STRIP = NO;
				DEBUG_INFORMATION_FORMAT = dwarf;
				ENABLE_STRICT_OBJC_MSGSEND = YES;
				ENABLE_TESTABILITY = YES;
				GCC_C_LANGUAGE_STANDARD = gnu11;
				GCC_DYNAMIC_NO_PIC = NO;
				GCC_NO_COMMON_BLOCKS = YES;
				GCC_OPTIMIZATION_LEVEL = 0;
				GCC_PREPROCESSOR_DEFINITIONS = (
					"DEBUG=1",
					"$(inherited)",
				);
				GCC_WARN_64_TO_32_BIT_CONVERSION = YES;
				GCC_WARN_ABOUT_RETURN_TYPE = YES_ERROR;
				GCC_WARN_UNDECLARED_SELECTOR = YES;
				GCC_WARN_UNINITIALIZED_AUTOS = YES_AGGRESSIVE;
				GCC_WARN_UNUSED_FUNCTION = YES;
				GCC_WARN_UNUSED_VARIABLE = YES;
				IPHONEOS_DEPLOYMENT_TARGET = 13.2;
				MTL_ENABLE_DEBUG_INFO = INCLUDE_SOURCE;
				MTL_FAST_MATH = YES;
				ONLY_ACTIVE_ARCH = YES;
				SDKROOT = iphoneos;
				SWIFT_ACTIVE_COMPILATION_CONDITIONS = DEBUG;
				SWIFT_OPTIMIZATION_LEVEL = "-Onone";
			};
			name = Debug;
		};
		12755757237E3B5A005224EA /* Release */ = {
			isa = XCBuildConfiguration;
			buildSettings = {
				ALWAYS_SEARCH_USER_PATHS = NO;
				CLANG_ANALYZER_NONNULL = YES;
				CLANG_ANALYZER_NUMBER_OBJECT_CONVERSION = YES_AGGRESSIVE;
				CLANG_CXX_LANGUAGE_STANDARD = "gnu++14";
				CLANG_CXX_LIBRARY = "libc++";
				CLANG_ENABLE_MODULES = YES;
				CLANG_ENABLE_OBJC_ARC = YES;
				CLANG_ENABLE_OBJC_WEAK = YES;
				CLANG_WARN_BLOCK_CAPTURE_AUTORELEASING = YES;
				CLANG_WARN_BOOL_CONVERSION = YES;
				CLANG_WARN_COMMA = YES;
				CLANG_WARN_CONSTANT_CONVERSION = YES;
				CLANG_WARN_DEPRECATED_OBJC_IMPLEMENTATIONS = YES;
				CLANG_WARN_DIRECT_OBJC_ISA_USAGE = YES_ERROR;
				CLANG_WARN_DOCUMENTATION_COMMENTS = YES;
				CLANG_WARN_EMPTY_BODY = YES;
				CLANG_WARN_ENUM_CONVERSION = YES;
				CLANG_WARN_INFINITE_RECURSION = YES;
				CLANG_WARN_INT_CONVERSION = YES;
				CLANG_WARN_NON_LITERAL_NULL_CONVERSION = YES;
				CLANG_WARN_OBJC_IMPLICIT_RETAIN_SELF = YES;
				CLANG_WARN_OBJC_LITERAL_CONVERSION = YES;
				CLANG_WARN_OBJC_ROOT_CLASS = YES_ERROR;
				CLANG_WARN_RANGE_LOOP_ANALYSIS = YES;
				CLANG_WARN_STRICT_PROTOTYPES = YES;
				CLANG_WARN_SUSPICIOUS_MOVE = YES;
				CLANG_WARN_UNGUARDED_AVAILABILITY = YES_AGGRESSIVE;
				CLANG_WARN_UNREACHABLE_CODE = YES;
				CLANG_WARN__DUPLICATE_METHOD_MATCH = YES;
				COPY_PHASE_STRIP = NO;
				DEBUG_INFORMATION_FORMAT = "dwarf-with-dsym";
				ENABLE_NS_ASSERTIONS = NO;
				ENABLE_STRICT_OBJC_MSGSEND = YES;
				GCC_C_LANGUAGE_STANDARD = gnu11;
				GCC_NO_COMMON_BLOCKS = YES;
				GCC_WARN_64_TO_32_BIT_CONVERSION = YES;
				GCC_WARN_ABOUT_RETURN_TYPE = YES_ERROR;
				GCC_WARN_UNDECLARED_SELECTOR = YES;
				GCC_WARN_UNINITIALIZED_AUTOS = YES_AGGRESSIVE;
				GCC_WARN_UNUSED_FUNCTION = YES;
				GCC_WARN_UNUSED_VARIABLE = YES;
				IPHONEOS_DEPLOYMENT_TARGET = 13.2;
				MTL_ENABLE_DEBUG_INFO = NO;
				MTL_FAST_MATH = YES;
				SDKROOT = iphoneos;
				SWIFT_COMPILATION_MODE = wholemodule;
				SWIFT_OPTIMIZATION_LEVEL = "-O";
				VALIDATE_PRODUCT = YES;
			};
			name = Release;
		};
		12755759237E3B5A005224EA /* Debug */ = {
			isa = XCBuildConfiguration;
			buildSettings = {
				ASSETCATALOG_COMPILER_APPICON_NAME = AppIcon;
				CODE_SIGN_STYLE = Automatic;
				DEVELOPMENT_TEAM = C66Y3DM74C;
				INFOPLIST_FILE = PassDataBackNoSB/Info.plist;
				LD_RUNPATH_SEARCH_PATHS = (
					"$(inherited)",
					"@executable_path/Frameworks",
				);
				PRODUCT_BUNDLE_IDENTIFIER = com.joshr.PassDataBackNoSB;
				PRODUCT_NAME = "$(TARGET_NAME)";
				SWIFT_VERSION = 5.0;
				TARGETED_DEVICE_FAMILY = "1,2";
			};
			name = Debug;
		};
		1275575A237E3B5A005224EA /* Release */ = {
			isa = XCBuildConfiguration;
			buildSettings = {
				ASSETCATALOG_COMPILER_APPICON_NAME = AppIcon;
				CODE_SIGN_STYLE = Automatic;
				DEVELOPMENT_TEAM = C66Y3DM74C;
				INFOPLIST_FILE = PassDataBackNoSB/Info.plist;
				LD_RUNPATH_SEARCH_PATHS = (
					"$(inherited)",
					"@executable_path/Frameworks",
				);
				PRODUCT_BUNDLE_IDENTIFIER = com.joshr.PassDataBackNoSB;
				PRODUCT_NAME = "$(TARGET_NAME)";
				SWIFT_VERSION = 5.0;
				TARGETED_DEVICE_FAMILY = "1,2";
			};
			name = Release;
		};
/* End XCBuildConfiguration section */

/* Begin XCConfigurationList section */
		1275573F237E3B57005224EA /* Build configuration list for PBXProject "PassDataBackNoSB" */ = {
			isa = XCConfigurationList;
			buildConfigurations = (
				12755756237E3B5A005224EA /* Debug */,
				12755757237E3B5A005224EA /* Release */,
			);
			defaultConfigurationIsVisible = 0;
			defaultConfigurationName = Release;
		};
		12755758237E3B5A005224EA /* Build configuration list for PBXNativeTarget "PassDataBackNoSB" */ = {
			isa = XCConfigurationList;
			buildConfigurations = (
				12755759237E3B5A005224EA /* Debug */,
				1275575A237E3B5A005224EA /* Release */,
			);
			defaultConfigurationIsVisible = 0;
			defaultConfigurationName = Release;
		};
/* End XCConfigurationList section */
	};
	rootObject = 1275573C237E3B57005224EA /* Project object */;
}
